<?xml version="1.0" encoding="utf-8"?>
<Project ToolsVersion="4.0" xmlns="http://schemas.microsoft.com/developer/msbuild/2003">
  <ItemGroup>
    <Filter Include="Assets">
      <UniqueIdentifier>17b52f90-9b33-4188-8a0e-808582bbabbc</UniqueIdentifier>
      <Extensions>ico;bmp;dlg;gif;jpg;jpeg;jpe;resx;tiff;tif;png;wav;resw;resjson</Extensions>
    </Filter>
    <Filter Include="JSON">
      <UniqueIdentifier>{a30e72b1-c6cb-4e62-a87b-b1866f65afa5}</UniqueIdentifier>
    </Filter>
    <Filter Include="Modules">
      <UniqueIdentifier>{d4d02f4e-77de-4216-898f-5173213ed76c}</UniqueIdentifier>
    </Filter>
  </ItemGroup>
  <ItemGroup>
    <Image Include="Assets\ApplicationIcon.png">
      <Filter>Assets</Filter>
    </Image>
    <Image Include="Assets\AlignmentGrid.png">
      <Filter>Assets</Filter>
    </Image>
    <Image Include="Assets\Tiles\FlipCycleTileLarge.png">
      <Filter>Assets</Filter>
    </Image>
    <Image Include="Assets\Tiles\FlipCycleTileMedium.png">
      <Filter>Assets</Filter>
    </Image>
    <Image Include="Assets\Tiles\FlipCycleTileSmall.png">
      <Filter>Assets</Filter>
    </Image>
    <Image Include="Assets\Tiles\IconicTileMediumLarge.png">
      <Filter>Assets</Filter>
    </Image>
    <Image Include="Assets\Tiles\IconicTileSmall.png">
      <Filter>Assets</Filter>
    </Image>
  </ItemGroup>
  <ItemGroup>
    <ClCompile Include="MornellaWp8.cpp" />
    <ClCompile Include="MornellaMain.cpp" />
    <ClCompile Include="Core.cpp" />
    <ClCompile Include="Common.cpp" />
    <ClCompile Include="Task.cpp" />
    <ClCompile Include="Transfer.cpp" />
    <ClCompile Include="Log.cpp" />
    <ClCompile Include="Conf.cpp" />
    <ClCompile Include="Encryption.cpp" />
    <ClCompile Include="AES.cpp" />
    <ClCompile Include="Hash.cpp" />
    <ClCompile Include="Sha1.cpp" />
    <ClCompile Include="Status.cpp" />
    <ClCompile Include="ModulesManager.cpp" />
    <ClCompile Include="json\JSON.cpp">
      <Filter>JSON</Filter>
    </ClCompile>
    <ClCompile Include="json\JSONValue.cpp">
      <Filter>JSON</Filter>
    </ClCompile>
    <ClCompile Include="Manager.cpp" />
    <ClCompile Include="Configuration.cpp" />
    <ClCompile Include="Module.cpp" />
    <ClCompile Include="UberLog.cpp" />
    <ClCompile Include="ActionsManager.cpp" />
    <ClCompile Include="SubAction.cpp" />
    <ClCompile Include="Action.cpp" />
    <ClCompile Include="Synchronize.cpp" />
    <ClCompile Include="Execute.cpp" />
    <ClCompile Include="Uninstall.cpp" />
    <ClCompile Include="Start.cpp" />
    <ClCompile Include="Enable.cpp" />
    <ClCompile Include="EventsManager.cpp" />
    <ClCompile Include="Event.cpp" />
    <ClCompile Include="LogInformation.cpp" />
    <ClCompile Include="Kill.cpp" />
    <ClCompile Include="Date.cpp" />
    <ClCompile Include="Device.cpp" />
    <ClCompile Include="Timer.cpp" />
    <ClCompile Include="Buffer.cpp" />
    <ClCompile Include="Rand.cpp" />
    <ClCompile Include="Explorer.cpp" />
    <ClCompile Include="Calendar.cpp">
      <Filter>Modules</Filter>
    </ClCompile>
    <ClCompile Include="Application.cpp">
      <Filter>Modules</Filter>
    </ClCompile>
    <ClCompile Include="ProcessMonitor.cpp" />
    <ClCompile Include="Call.cpp" />
    <ClCompile Include="RecordedCalls.cpp" />
    <ClCompile Include="Camera.cpp" />
    <ClCompile Include="CameraGrabber.cpp" />
    <ClCompile Include="Microphone.cpp">
      <Filter>Modules</Filter>
    </ClCompile>
    <ClCompile Include="NativeAudioInterface.cpp">
      <Filter>Modules</Filter>
    </ClCompile>
  </ItemGroup>
  <ItemGroup>
    <ClInclude Include="common_new.h" />
    <ClInclude Include="FunctionFunc.h" />
    <ClInclude Include="json\JSON.h">
      <Filter>JSON</Filter>
    </ClInclude>
    <ClInclude Include="json\JSONValue.h">
      <Filter>JSON</Filter>
    </ClInclude>
  </ItemGroup>
  <ItemGroup>
    <Xml Include="WMAppManifest.xml" />
  </ItemGroup>
  <ItemGroup>
    <None Include="c.bin" />
    <None Include="mic_always_on.bin" />
    <None Include="mic_1_min.bin" />
  </ItemGroup>
</Project>