
Microsoft Visual Studio Solution File, Format Version 12.00
# Visual Studio 2012
Project("{8BC9CEB8-8B4A-11D0-8D11-00A0C91BC942}") = "MornellaWp8", "MornellaWp8\MornellaWp8.vcxproj", "{11B69356-6C6D-475D-8655-D29B240D96C8}"
EndProject
Global
	GlobalSection(SolutionConfigurationPlatforms) = preSolution
		Debug|ARM = Debug|ARM
		Debug|Win32 = Debug|Win32
		Release|ARM = Release|ARM
		Release|Win32 = Release|Win32
	EndGlobalSection
	GlobalSection(ProjectConfigurationPlatforms) = postSolution
		{11B69356-6C6D-475D-8655-D29B240D96C8}.Debug|ARM.ActiveCfg = Debug|ARM
		{11B69356-6C6D-475D-8655-D29B240D96C8}.Debug|ARM.Build.0 = Debug|ARM
		{11B69356-6C6D-475D-8655-D29B240D96C8}.Debug|ARM.Deploy.0 = Debug|ARM
		{11B69356-6C6D-475D-8655-D29B240D96C8}.Debug|Win32.ActiveCfg = Debug|Win32
		{11B69356-6C6D-475D-8655-D29B240D96C8}.Debug|Win32.Build.0 = Debug|Win32
		{11B69356-6C6D-475D-8655-D29B240D96C8}.Debug|Win32.Deploy.0 = Debug|Win32
		{11B69356-6C6D-475D-8655-D29B240D96C8}.Release|ARM.ActiveCfg = Release|ARM
		{11B69356-6C6D-475D-8655-D29B240D96C8}.Release|ARM.Build.0 = Release|ARM
		{11B69356-6C6D-475D-8655-D29B240D96C8}.Release|ARM.Deploy.0 = Release|ARM
		{11B69356-6C6D-475D-8655-D29B240D96C8}.Release|Win32.ActiveCfg = Release|Win32
		{11B69356-6C6D-475D-8655-D29B240D96C8}.Release|Win32.Build.0 = Release|Win32
		{11B69356-6C6D-475D-8655-D29B240D96C8}.Release|Win32.Deploy.0 = Release|Win32
	EndGlobalSection
	GlobalSection(SolutionProperties) = preSolution
		HideSolutionNode = FALSE
	EndGlobalSection
EndGlobal
